{
    "version": 3,
    "terraform_version": "0.11.1",
    "serial": 2,
    "lineage": "6ea159f5-0c2e-449a-8144-ecdfff47e113",
    "modules": [
        {
            "path": [
                "root"
            ],
            "outputs": {},
            "resources": {
                "aws_instance.example": {
                    "type": "aws_instance",
                    "depends_on": [
                        "aws_key_pair.mykey"
                    ],
                    "primary": {
                        "id": "i-05427e9db99af1e2f",
                        "attributes": {
                            "ami": "ami-41e0b93b",
                            "associate_public_ip_address": "true",
                            "availability_zone": "us-east-1a",
                            "disable_api_termination": "false",
                            "ebs_block_device.#": "0",
                            "ebs_optimized": "false",
                            "ephemeral_block_device.#": "0",
                            "iam_instance_profile": "",
                            "id": "i-05427e9db99af1e2f",
                            "instance_state": "running",
                            "instance_type": "t2.micro",
                            "ipv6_addresses.#": "0",
                            "key_name": "mykey",
                            "monitoring": "false",
                            "network_interface.#": "0",
                            "network_interface_id": "eni-0e545cc4",
                            "placement_group": "",
                            "primary_network_interface_id": "eni-0e545cc4",
                            "private_dns": "ip-172-31-89-72.ec2.internal",
                            "private_ip": "172.31.89.72",
                            "public_dns": "ec2-54-234-232-184.compute-1.amazonaws.com",
                            "public_ip": "54.234.232.184",
                            "root_block_device.#": "1",
                            "root_block_device.0.delete_on_termination": "true",
                            "root_block_device.0.iops": "100",
                            "root_block_device.0.volume_id": "vol-0251fb6f2cdfe4e87",
                            "root_block_device.0.volume_size": "8",
                            "root_block_device.0.volume_type": "gp2",
                            "security_groups.#": "1",
                            "security_groups.3814588639": "default",
                            "source_dest_check": "true",
                            "subnet_id": "subnet-39651016",
                            "tags.%": "0",
                            "tenancy": "default",
                            "volume_tags.%": "0",
                            "vpc_security_group_ids.#": "0"
                        },
                        "meta": {
                            "e2bfb730-ecaa-11e6-8f88-34363bc7c4c0": {
                                "create": 600000000000,
                                "delete": 600000000000,
                                "update": 600000000000
                            },
                            "schema_version": "1"
                        },
                        "tainted": false
                    },
                    "deposed": [],
                    "provider": "provider.aws"
                },
                "aws_key_pair.mykey": {
                    "type": "aws_key_pair",
                    "depends_on": [],
                    "primary": {
                        "id": "mykey",
                        "attributes": {
                            "id": "mykey",
                            "key_name": "mykey",
                            "public_key": "ssh-rsa AAAAB3NzaC1yc2EAAAADAQABAAABAQDTlzddy0DPJMYODxHc+zICMdtGcQBU2Uq9854nyYcwhHLPliUFaJtkkXN9KC4R1seENOD5uFmiZcdGxkdh1kTD8eoVm17nPPkBaKAeKNtt//CntLcItHDVDHB4dZB3VqWvuJql5OqLH3XpXLe2fjxZxI/foWX2zpcjl5diWWt6S3NarylC9FMo/vgdjqmBa1Vaj18BDxRewcpKvsmv6jXhnG+CeF+vLCSscUnaKKvqIIY6hdkX65nSdV8axJWfroHohLAqp4AT+JbwkIvq29Uy+Oj9wKic5bz0pn3MgX8FW9TBHmZ3dKQ0ox5GwaYkmjnSAjirLx5YL/8KtoQg9Fwt vagrant@ubuntu-xenial"
                        },
                        "meta": {
                            "schema_version": "1"
                        },
                        "tainted": false
                    },
                    "deposed": [],
                    "provider": "provider.aws"
                }
            },
            "depends_on": []
        }
    ]
}
